
Microsoft Visual Studio Solution File, Format Version 12.00
# Visual Studio Version 17
VisualStudioVersion = 17.7.34202.233
MinimumVisualStudioVersion = 10.0.40219.1
Project("{FAE04EC0-301F-11D3-BF4B-00C04F79EFBC}") = "The-Medallion-Theater", "The-Medallion-Theater.csproj", "{7AD0F93C-C7AD-414D-8849-76FE13F40290}"
EndProject
Global
	GlobalSection(SolutionConfigurationPlatforms) = preSolution
		Debug|Any CPU = Debug|Any CPU
		Release|Any CPU = Release|Any CPU
	EndGlobalSection
	GlobalSection(ProjectConfigurationPlatforms) = postSolution
		{7AD0F93C-C7AD-414D-8849-76FE13F40290}.Debug|Any CPU.ActiveCfg = Debug|Any CPU
		{7AD0F93C-C7AD-414D-8849-76FE13F40290}.Debug|Any CPU.Build.0 = Debug|Any CPU
		{7AD0F93C-C7AD-414D-8849-76FE13F40290}.Release|Any CPU.ActiveCfg = Release|Any CPU
		{7AD0F93C-C7AD-414D-8849-76FE13F40290}.Release|Any CPU.Build.0 = Release|Any CPU
	EndGlobalSection
	GlobalSection(SolutionProperties) = preSolution
		HideSolutionNode = FALSE
	EndGlobalSection
	GlobalSection(ExtensibilityGlobals) = postSolution
		SolutionGuid = {078B89D1-8137-46EA-895E-9F822D1E7D10}
	EndGlobalSection
EndGlobal
